
Microsoft Visual Studio Solution File, Format Version 12.00
# Visual Studio Version 17
VisualStudioVersion = 17.12.35707.178
MinimumVisualStudioVersion = 10.0.40219.1
Project("{FAE04EC0-301F-11D3-BF4B-00C04F79EFBC}") = "spoclient", "spoclient\spoclient.csproj", "{3EA3E7AC-E32F-428D-A35C-8362101BD058}"
EndProject
Project("{FAE04EC0-301F-11D3-BF4B-00C04F79EFBC}") = "VtNetCore", "VtNetCore\VtNetCore\VtNetCore.csproj", "{4A25D700-0D40-470D-BE2F-9FBD0407DB1B}"
EndProject
Project("{FAE04EC0-301F-11D3-BF4B-00C04F79EFBC}") = "VtNetCore.Avalonia", "VtNetCore.Avalonia\VtNetCore.Avalonia.csproj", "{75A4DD8E-235A-F6E7-E8CF-14093B76D9AF}"
EndProject
Global
	GlobalSection(SolutionConfigurationPlatforms) = preSolution
		Debug|Any CPU = Debug|Any CPU
		Release|Any CPU = Release|Any CPU
	EndGlobalSection
	GlobalSection(ProjectConfigurationPlatforms) = postSolution
		{3EA3E7AC-E32F-428D-A35C-8362101BD058}.Debug|Any CPU.ActiveCfg = Debug|Any CPU
		{3EA3E7AC-E32F-428D-A35C-8362101BD058}.Debug|Any CPU.Build.0 = Debug|Any CPU
		{3EA3E7AC-E32F-428D-A35C-8362101BD058}.Release|Any CPU.ActiveCfg = Release|Any CPU
		{3EA3E7AC-E32F-428D-A35C-8362101BD058}.Release|Any CPU.Build.0 = Release|Any CPU
		{4A25D700-0D40-470D-BE2F-9FBD0407DB1B}.Debug|Any CPU.ActiveCfg = Debug|Any CPU
		{4A25D700-0D40-470D-BE2F-9FBD0407DB1B}.Debug|Any CPU.Build.0 = Debug|Any CPU
		{4A25D700-0D40-470D-BE2F-9FBD0407DB1B}.Release|Any CPU.ActiveCfg = Release|Any CPU
		{4A25D700-0D40-470D-BE2F-9FBD0407DB1B}.Release|Any CPU.Build.0 = Release|Any CPU
		{75A4DD8E-235A-F6E7-E8CF-14093B76D9AF}.Debug|Any CPU.ActiveCfg = Debug|Any CPU
		{75A4DD8E-235A-F6E7-E8CF-14093B76D9AF}.Debug|Any CPU.Build.0 = Debug|Any CPU
		{75A4DD8E-235A-F6E7-E8CF-14093B76D9AF}.Release|Any CPU.ActiveCfg = Release|Any CPU
		{75A4DD8E-235A-F6E7-E8CF-14093B76D9AF}.Release|Any CPU.Build.0 = Release|Any CPU
	EndGlobalSection
	GlobalSection(SolutionProperties) = preSolution
		HideSolutionNode = FALSE
	EndGlobalSection
	GlobalSection(ExtensibilityGlobals) = postSolution
		SolutionGuid = {21EF71A8-907D-4013-BD8E-57013046BABA}
	EndGlobalSection
EndGlobal
